Microsoft Visual Studio Solution File, Format Version 12.00
# Visual Studio Version 17
VisualStudioVersion = 17.5.2.0
MinimumVisualStudioVersion = 10.0.40219.1
Project("{FAE04EC0-301F-11D3-BF4B-00C04F79EFBC}") = "Spectre.Docs.Examples", "Spectre.Docs.Examples.csproj", "{0347CE90-58D8-0DDE-755D-9EF0234F0794}"
EndProject
Global
	GlobalSection(SolutionConfigurationPlatforms) = preSolution
		Debug|Any CPU = Debug|Any CPU
		Release|Any CPU = Release|Any CPU
	EndGlobalSection
	GlobalSection(ProjectConfigurationPlatforms) = postSolution
		{0347CE90-58D8-0DDE-755D-9EF0234F0794}.Debug|Any CPU.ActiveCfg = Debug|Any CPU
		{0347CE90-58D8-0DDE-755D-9EF0234F0794}.Debug|Any CPU.Build.0 = Debug|Any CPU
		{0347CE90-58D8-0DDE-755D-9EF0234F0794}.Release|Any CPU.ActiveCfg = Release|Any CPU
		{0347CE90-58D8-0DDE-755D-9EF0234F0794}.Release|Any CPU.Build.0 = Release|Any CPU
	EndGlobalSection
	GlobalSection(SolutionProperties) = preSolution
		HideSolutionNode = FALSE
	EndGlobalSection
	GlobalSection(ExtensibilityGlobals) = postSolution
		SolutionGuid = {527185BC-C5BB-4D8B-AB7D-1CD90F1393B0}
	EndGlobalSection
EndGlobal
